
Microsoft Visual Studio Solution File, Format Version 12.00
# Visual Studio 15
VisualStudioVersion = 15.0.28307.1321
MinimumVisualStudioVersion = 10.0.40219.1
Project("{FAE04EC0-301F-11D3-BF4B-00C04F79EFBC}") = "StarterApp", "StarterApp\StarterApp.csproj", "{E11B7429-7CA0-421B-8A6A-E76AE22ED715}"
EndProject
Global
	GlobalSection(SolutionConfigurationPlatforms) = preSolution
		Debug|Any CPU = Debug|Any CPU
		Release|Any CPU = Release|Any CPU
	EndGlobalSection
	GlobalSection(ProjectConfigurationPlatforms) = postSolution
		{E11B7429-7CA0-421B-8A6A-E76AE22ED715}.Debug|Any CPU.ActiveCfg = Debug|Any CPU
		{E11B7429-7CA0-421B-8A6A-E76AE22ED715}.Debug|Any CPU.Build.0 = Debug|Any CPU
		{E11B7429-7CA0-421B-8A6A-E76AE22ED715}.Release|Any CPU.ActiveCfg = Release|Any CPU
		{E11B7429-7CA0-421B-8A6A-E76AE22ED715}.Release|Any CPU.Build.0 = Release|Any CPU
	EndGlobalSection
	GlobalSection(SolutionProperties) = preSolution
		HideSolutionNode = FALSE
	EndGlobalSection
	GlobalSection(ExtensibilityGlobals) = postSolution
		SolutionGuid = {93320BB8-B4D9-4ECD-AE50-268A7FC1019C}
	EndGlobalSection
EndGlobal
